
Microsoft Visual Studio Solution File, Format Version 12.00
# Visual Studio Version 17
VisualStudioVersion = 17.2.32616.157
MinimumVisualStudioVersion = 10.0.40219.1
Project("{D954291E-2A0B-460D-934E-DC6B0785DB48}") = "VCFSync.Shared", "VCFSync.Shared\VCFSync.Shared.shproj", "{6279C845-92F8-4333-AB99-3D213163593C}"
EndProject
Project("{2150E333-8FDC-42A3-9474-1A3956D46DE8}") = "Platforms", "Platforms", "{BCC4169C-6DAB-4E73-B03D-847E0DEB79D6}"
EndProject
Project("{FAE04EC0-301F-11D3-BF4B-00C04F79EFBC}") = "VCFSync.Droid", "VCFSync.Droid\VCFSync.Droid.csproj", "{D819FB58-FA24-4F1E-B880-6D8A93C2F187}"
EndProject
Project("{FAE04EC0-301F-11D3-BF4B-00C04F79EFBC}") = "VCFSync.iOS", "VCFSync.iOS\VCFSync.iOS.csproj", "{32241C1B-76C6-4C39-9A62-1AB98D498F1A}"
EndProject
Project("{FAE04EC0-301F-11D3-BF4B-00C04F79EFBC}") = "VCFSync.UWP", "VCFSync.UWP\VCFSync.UWP.csproj", "{99E60A9A-930A-42DF-8696-3504E3A05A37}"
EndProject
Project("{FAE04EC0-301F-11D3-BF4B-00C04F79EFBC}") = "VCFSync.Wasm", "VCFSync.Wasm\VCFSync.Wasm.csproj", "{16968E6C-1CD4-4F7C-B36F-434403FBD09F}"
EndProject
Project("{FAE04EC0-301F-11D3-BF4B-00C04F79EFBC}") = "VCFSync.macOS", "VCFSync.macOS\VCFSync.macOS.csproj", "{E7CA8077-1E47-4AE8-926F-D1FEA5E11067}"
EndProject
Project("{FAE04EC0-301F-11D3-BF4B-00C04F79EFBC}") = "VCFSync.Skia.Wpf.Host", "VCFSync.Skia.Wpf.Host\VCFSync.Skia.Wpf.Host.csproj", "{FCA02E8B-4EB9-4F55-8E08-73CAB40B6AF0}"
EndProject
Project("{FAE04EC0-301F-11D3-BF4B-00C04F79EFBC}") = "VCFSync.Skia.Wpf", "VCFSync.Skia.Wpf\VCFSync.Skia.Wpf.csproj", "{7702ABA6-EDB8-4861-8860-88EC3F1CC97F}"
EndProject
Project("{FAE04EC0-301F-11D3-BF4B-00C04F79EFBC}") = "VCFSync.Skia.Gtk", "VCFSync.Skia.Gtk\VCFSync.Skia.Gtk.csproj", "{B5CDD2C9-13CF-4B28-84F9-61384267F8BD}"
EndProject
Project("{FAE04EC0-301F-11D3-BF4B-00C04F79EFBC}") = "VCFSync.Skia.Tizen", "VCFSync.Skia.Tizen\VCFSync.Skia.Tizen.csproj", "{88FDD3C9-0A20-4BE4-9324-B4E4A1918F95}"
EndProject
Global
	GlobalSection(SolutionConfigurationPlatforms) = preSolution
		Ad-Hoc|Any CPU = Ad-Hoc|Any CPU
		Ad-Hoc|ARM = Ad-Hoc|ARM
		Ad-Hoc|ARM64 = Ad-Hoc|ARM64
		Ad-Hoc|iPhone = Ad-Hoc|iPhone
		Ad-Hoc|iPhoneSimulator = Ad-Hoc|iPhoneSimulator
		Ad-Hoc|x64 = Ad-Hoc|x64
		Ad-Hoc|x86 = Ad-Hoc|x86
		AppStore|Any CPU = AppStore|Any CPU
		AppStore|ARM = AppStore|ARM
		AppStore|ARM64 = AppStore|ARM64
		AppStore|iPhone = AppStore|iPhone
		AppStore|iPhoneSimulator = AppStore|iPhoneSimulator
		AppStore|x64 = AppStore|x64
		AppStore|x86 = AppStore|x86
		Debug|Any CPU = Debug|Any CPU
		Debug|ARM = Debug|ARM
		Debug|ARM64 = Debug|ARM64
		Debug|iPhone = Debug|iPhone
		Debug|iPhoneSimulator = Debug|iPhoneSimulator
		Debug|x64 = Debug|x64
		Debug|x86 = Debug|x86
		Release|Any CPU = Release|Any CPU
		Release|ARM = Release|ARM
		Release|ARM64 = Release|ARM64
		Release|iPhone = Release|iPhone
		Release|iPhoneSimulator = Release|iPhoneSimulator
		Release|x64 = Release|x64
		Release|x86 = Release|x86
	EndGlobalSection
	GlobalSection(ProjectConfigurationPlatforms) = postSolution
		{D819FB58-FA24-4F1E-B880-6D8A93C2F187}.Ad-Hoc|Any CPU.ActiveCfg = Debug|Any CPU
		{D819FB58-FA24-4F1E-B880-6D8A93C2F187}.Ad-Hoc|Any CPU.Build.0 = Debug|Any CPU
		{D819FB58-FA24-4F1E-B880-6D8A93C2F187}.Ad-Hoc|Any CPU.Deploy.0 = Debug|Any CPU
		{D819FB58-FA24-4F1E-B880-6D8A93C2F187}.Ad-Hoc|ARM.ActiveCfg = Debug|Any CPU
		{D819FB58-FA24-4F1E-B880-6D8A93C2F187}.Ad-Hoc|ARM.Build.0 = Debug|Any CPU
		{D819FB58-FA24-4F1E-B880-6D8A93C2F187}.Ad-Hoc|ARM.Deploy.0 = Debug|Any CPU
		{D819FB58-FA24-4F1E-B880-6D8A93C2F187}.Ad-Hoc|ARM64.ActiveCfg = Debug|Any CPU
		{D819FB58-FA24-4F1E-B880-6D8A93C2F187}.Ad-Hoc|ARM64.Build.0 = Debug|Any CPU
		{D819FB58-FA24-4F1E-B880-6D8A93C2F187}.Ad-Hoc|ARM64.Deploy.0 = Debug|Any CPU
		{D819FB58-FA24-4F1E-B880-6D8A93C2F187}.Ad-Hoc|iPhone.ActiveCfg = Debug|Any CPU
		{D819FB58-FA24-4F1E-B880-6D8A93C2F187}.Ad-Hoc|iPhone.Build.0 = Debug|Any CPU
		{D819FB58-FA24-4F1E-B880-6D8A93C2F187}.Ad-Hoc|iPhone.Deploy.0 = Debug|Any CPU
		{D819FB58-FA24-4F1E-B880-6D8A93C2F187}.Ad-Hoc|iPhoneSimulator.ActiveCfg = Debug|Any CPU
		{D819FB58-FA24-4F1E-B880-6D8A93C2F187}.Ad-Hoc|iPhoneSimulator.Build.0 = Debug|Any CPU
		{D819FB58-FA24-4F1E-B880-6D8A93C2F187}.Ad-Hoc|iPhoneSimulator.Deploy.0 = Debug|Any CPU
		{D819FB58-FA24-4F1E-B880-6D8A93C2F187}.Ad-Hoc|x64.ActiveCfg = Debug|Any CPU
		{D819FB58-FA24-4F1E-B880-6D8A93C2F187}.Ad-Hoc|x64.Build.0 = Debug|Any CPU
		{D819FB58-FA24-4F1E-B880-6D8A93C2F187}.Ad-Hoc|x64.Deploy.0 = Debug|Any CPU
		{D819FB58-FA24-4F1E-B880-6D8A93C2F187}.Ad-Hoc|x86.ActiveCfg = Debug|Any CPU
		{D819FB58-FA24-4F1E-B880-6D8A93C2F187}.Ad-Hoc|x86.Build.0 = Debug|Any CPU
		{D819FB58-FA24-4F1E-B880-6D8A93C2F187}.Ad-Hoc|x86.Deploy.0 = Debug|Any CPU
		{D819FB58-FA24-4F1E-B880-6D8A93C2F187}.AppStore|Any CPU.ActiveCfg = Debug|Any CPU
		{D819FB58-FA24-4F1E-B880-6D8A93C2F187}.AppStore|Any CPU.Build.0 = Debug|Any CPU
		{D819FB58-FA24-4F1E-B880-6D8A93C2F187}.AppStore|Any CPU.Deploy.0 = Debug|Any CPU
		{D819FB58-FA24-4F1E-B880-6D8A93C2F187}.AppStore|ARM.ActiveCfg = Debug|Any CPU
		{D819FB58-FA24-4F1E-B880-6D8A93C2F187}.AppStore|ARM.Build.0 = Debug|Any CPU
		{D819FB58-FA24-4F1E-B880-6D8A93C2F187}.AppStore|ARM.Deploy.0 = Debug|Any CPU
		{D819FB58-FA24-4F1E-B880-6D8A93C2F187}.AppStore|ARM64.ActiveCfg = Debug|Any CPU
		{D819FB58-FA24-4F1E-B880-6D8A93C2F187}.AppStore|ARM64.Build.0 = Debug|Any CPU
		{D819FB58-FA24-4F1E-B880-6D8A93C2F187}.AppStore|ARM64.Deploy.0 = Debug|Any CPU
		{D819FB58-FA24-4F1E-B880-6D8A93C2F187}.AppStore|iPhone.ActiveCfg = Debug|Any CPU
		{D819FB58-FA24-4F1E-B880-6D8A93C2F187}.AppStore|iPhone.Build.0 = Debug|Any CPU
		{D819FB58-FA24-4F1E-B880-6D8A93C2F187}.AppStore|iPhone.Deploy.0 = Debug|Any CPU
		{D819FB58-FA24-4F1E-B880-6D8A93C2F187}.AppStore|iPhoneSimulator.ActiveCfg = Debug|Any CPU
		{D819FB58-FA24-4F1E-B880-6D8A93C2F187}.AppStore|iPhoneSimulator.Build.0 = Debug|Any CPU
		{D819FB58-FA24-4F1E-B880-6D8A93C2F187}.AppStore|iPhoneSimulator.Deploy.0 = Debug|Any CPU
		{D819FB58-FA24-4F1E-B880-6D8A93C2F187}.AppStore|x64.ActiveCfg = Debug|Any CPU
		{D819FB58-FA24-4F1E-B880-6D8A93C2F187}.AppStore|x64.Build.0 = Debug|Any CPU
		{D819FB58-FA24-4F1E-B880-6D8A93C2F187}.AppStore|x64.Deploy.0 = Debug|Any CPU
		{D819FB58-FA24-4F1E-B880-6D8A93C2F187}.AppStore|x86.ActiveCfg = Debug|Any CPU
		{D819FB58-FA24-4F1E-B880-6D8A93C2F187}.AppStore|x86.Build.0 = Debug|Any CPU
		{D819FB58-FA24-4F1E-B880-6D8A93C2F187}.AppStore|x86.Deploy.0 = Debug|Any CPU
		{D819FB58-FA24-4F1E-B880-6D8A93C2F187}.Debug|Any CPU.ActiveCfg = Debug|Any CPU
		{D819FB58-FA24-4F1E-B880-6D8A93C2F187}.Debug|Any CPU.Build.0 = Debug|Any CPU
		{D819FB58-FA24-4F1E-B880-6D8A93C2F187}.Debug|Any CPU.Deploy.0 = Debug|Any CPU
		{D819FB58-FA24-4F1E-B880-6D8A93C2F187}.Debug|ARM.ActiveCfg = Debug|Any CPU
		{D819FB58-FA24-4F1E-B880-6D8A93C2F187}.Debug|ARM.Build.0 = Debug|Any CPU
		{D819FB58-FA24-4F1E-B880-6D8A93C2F187}.Debug|ARM.Deploy.0 = Debug|Any CPU
		{D819FB58-FA24-4F1E-B880-6D8A93C2F187}.Debug|ARM64.ActiveCfg = Debug|Any CPU
		{D819FB58-FA24-4F1E-B880-6D8A93C2F187}.Debug|ARM64.Build.0 = Debug|Any CPU
		{D819FB58-FA24-4F1E-B880-6D8A93C2F187}.Debug|ARM64.Deploy.0 = Debug|Any CPU
		{D819FB58-FA24-4F1E-B880-6D8A93C2F187}.Debug|iPhone.ActiveCfg = Debug|Any CPU
		{D819FB58-FA24-4F1E-B880-6D8A93C2F187}.Debug|iPhone.Build.0 = Debug|Any CPU
		{D819FB58-FA24-4F1E-B880-6D8A93C2F187}.Debug|iPhone.Deploy.0 = Debug|Any CPU
		{D819FB58-FA24-4F1E-B880-6D8A93C2F187}.Debug|iPhoneSimulator.ActiveCfg = Debug|Any CPU
		{D819FB58-FA24-4F1E-B880-6D8A93C2F187}.Debug|iPhoneSimulator.Build.0 = Debug|Any CPU
		{D819FB58-FA24-4F1E-B880-6D8A93C2F187}.Debug|iPhoneSimulator.Deploy.0 = Debug|Any CPU
		{D819FB58-FA24-4F1E-B880-6D8A93C2F187}.Debug|x64.ActiveCfg = Debug|Any CPU
		{D819FB58-FA24-4F1E-B880-6D8A93C2F187}.Debug|x64.Build.0 = Debug|Any CPU
		{D819FB58-FA24-4F1E-B880-6D8A93C2F187}.Debug|x64.Deploy.0 = Debug|Any CPU
		{D819FB58-FA24-4F1E-B880-6D8A93C2F187}.Debug|x86.ActiveCfg = Debug|Any CPU
		{D819FB58-FA24-4F1E-B880-6D8A93C2F187}.Debug|x86.Build.0 = Debug|Any CPU
		{D819FB58-FA24-4F1E-B880-6D8A93C2F187}.Debug|x86.Deploy.0 = Debug|Any CPU
		{D819FB58-FA24-4F1E-B880-6D8A93C2F187}.Release|Any CPU.ActiveCfg = Release|Any CPU
		{D819FB58-FA24-4F1E-B880-6D8A93C2F187}.Release|Any CPU.Build.0 = Release|Any CPU
		{D819FB58-FA24-4F1E-B880-6D8A93C2F187}.Release|Any CPU.Deploy.0 = Release|Any CPU
		{D819FB58-FA24-4F1E-B880-6D8A93C2F187}.Release|ARM.ActiveCfg = Release|Any CPU
		{D819FB58-FA24-4F1E-B880-6D8A93C2F187}.Release|ARM.Build.0 = Release|Any CPU
		{D819FB58-FA24-4F1E-B880-6D8A93C2F187}.Release|ARM.Deploy.0 = Release|Any CPU
		{D819FB58-FA24-4F1E-B880-6D8A93C2F187}.Release|ARM64.ActiveCfg = Release|Any CPU
		{D819FB58-FA24-4F1E-B880-6D8A93C2F187}.Release|ARM64.Build.0 = Release|Any CPU
		{D819FB58-FA24-4F1E-B880-6D8A93C2F187}.Release|ARM64.Deploy.0 = Release|Any CPU
		{D819FB58-FA24-4F1E-B880-6D8A93C2F187}.Release|iPhone.ActiveCfg = Release|Any CPU
		{D819FB58-FA24-4F1E-B880-6D8A93C2F187}.Release|iPhone.Build.0 = Release|Any CPU
		{D819FB58-FA24-4F1E-B880-6D8A93C2F187}.Release|iPhone.Deploy.0 = Release|Any CPU
		{D819FB58-FA24-4F1E-B880-6D8A93C2F187}.Release|iPhoneSimulator.ActiveCfg = Release|Any CPU
		{D819FB58-FA24-4F1E-B880-6D8A93C2F187}.Release|iPhoneSimulator.Build.0 = Release|Any CPU
		{D819FB58-FA24-4F1E-B880-6D8A93C2F187}.Release|iPhoneSimulator.Deploy.0 = Release|Any CPU
		{D819FB58-FA24-4F1E-B880-6D8A93C2F187}.Release|x64.ActiveCfg = Release|Any CPU
		{D819FB58-FA24-4F1E-B880-6D8A93C2F187}.Release|x64.Build.0 = Release|Any CPU
		{D819FB58-FA24-4F1E-B880-6D8A93C2F187}.Release|x64.Deploy.0 = Release|Any CPU
		{D819FB58-FA24-4F1E-B880-6D8A93C2F187}.Release|x86.ActiveCfg = Release|Any CPU
		{D819FB58-FA24-4F1E-B880-6D8A93C2F187}.Release|x86.Build.0 = Release|Any CPU
		{D819FB58-FA24-4F1E-B880-6D8A93C2F187}.Release|x86.Deploy.0 = Release|Any CPU
		{32241C1B-76C6-4C39-9A62-1AB98D498F1A}.Ad-Hoc|Any CPU.ActiveCfg = Ad-Hoc|iPhoneSimulator
		{32241C1B-76C6-4C39-9A62-1AB98D498F1A}.Ad-Hoc|Any CPU.Build.0 = Ad-Hoc|iPhoneSimulator
		{32241C1B-76C6-4C39-9A62-1AB98D498F1A}.Ad-Hoc|ARM.ActiveCfg = Ad-Hoc|iPhoneSimulator
		{32241C1B-76C6-4C39-9A62-1AB98D498F1A}.Ad-Hoc|ARM.Build.0 = Ad-Hoc|iPhoneSimulator
		{32241C1B-76C6-4C39-9A62-1AB98D498F1A}.Ad-Hoc|ARM64.ActiveCfg = Ad-Hoc|iPhoneSimulator
		{32241C1B-76C6-4C39-9A62-1AB98D498F1A}.Ad-Hoc|ARM64.Build.0 = Ad-Hoc|iPhoneSimulator
		{32241C1B-76C6-4C39-9A62-1AB98D498F1A}.Ad-Hoc|iPhone.ActiveCfg = Ad-Hoc|iPhone
		{32241C1B-76C6-4C39-9A62-1AB98D498F1A}.Ad-Hoc|iPhone.Build.0 = Ad-Hoc|iPhone
		{32241C1B-76C6-4C39-9A62-1AB98D498F1A}.Ad-Hoc|iPhoneSimulator.ActiveCfg = Ad-Hoc|iPhoneSimulator
		{32241C1B-76C6-4C39-9A62-1AB98D498F1A}.Ad-Hoc|iPhoneSimulator.Build.0 = Ad-Hoc|iPhoneSimulator
		{32241C1B-76C6-4C39-9A62-1AB98D498F1A}.Ad-Hoc|x64.ActiveCfg = Ad-Hoc|iPhoneSimulator
		{32241C1B-76C6-4C39-9A62-1AB98D498F1A}.Ad-Hoc|x64.Build.0 = Ad-Hoc|iPhoneSimulator
		{32241C1B-76C6-4C39-9A62-1AB98D498F1A}.Ad-Hoc|x86.ActiveCfg = Ad-Hoc|iPhoneSimulator
		{32241C1B-76C6-4C39-9A62-1AB98D498F1A}.Ad-Hoc|x86.Build.0 = Ad-Hoc|iPhoneSimulator
		{32241C1B-76C6-4C39-9A62-1AB98D498F1A}.AppStore|Any CPU.ActiveCfg = AppStore|iPhoneSimulator
		{32241C1B-76C6-4C39-9A62-1AB98D498F1A}.AppStore|Any CPU.Build.0 = AppStore|iPhoneSimulator
		{32241C1B-76C6-4C39-9A62-1AB98D498F1A}.AppStore|ARM.ActiveCfg = AppStore|iPhoneSimulator
		{32241C1B-76C6-4C39-9A62-1AB98D498F1A}.AppStore|ARM.Build.0 = AppStore|iPhoneSimulator
		{32241C1B-76C6-4C39-9A62-1AB98D498F1A}.AppStore|ARM64.ActiveCfg = AppStore|iPhoneSimulator
		{32241C1B-76C6-4C39-9A62-1AB98D498F1A}.AppStore|ARM64.Build.0 = AppStore|iPhoneSimulator
		{32241C1B-76C6-4C39-9A62-1AB98D498F1A}.AppStore|iPhone.ActiveCfg = AppStore|iPhone
		{32241C1B-76C6-4C39-9A62-1AB98D498F1A}.AppStore|iPhone.Build.0 = AppStore|iPhone
		{32241C1B-76C6-4C39-9A62-1AB98D498F1A}.AppStore|iPhoneSimulator.ActiveCfg = AppStore|iPhoneSimulator
		{32241C1B-76C6-4C39-9A62-1AB98D498F1A}.AppStore|iPhoneSimulator.Build.0 = AppStore|iPhoneSimulator
		{32241C1B-76C6-4C39-9A62-1AB98D498F1A}.AppStore|x64.ActiveCfg = AppStore|iPhoneSimulator
		{32241C1B-76C6-4C39-9A62-1AB98D498F1A}.AppStore|x64.Build.0 = AppStore|iPhoneSimulator
		{32241C1B-76C6-4C39-9A62-1AB98D498F1A}.AppStore|x86.ActiveCfg = AppStore|iPhoneSimulator
		{32241C1B-76C6-4C39-9A62-1AB98D498F1A}.AppStore|x86.Build.0 = AppStore|iPhoneSimulator
		{32241C1B-76C6-4C39-9A62-1AB98D498F1A}.Debug|Any CPU.ActiveCfg = Debug|iPhoneSimulator
		{32241C1B-76C6-4C39-9A62-1AB98D498F1A}.Debug|Any CPU.Build.0 = Debug|iPhoneSimulator
		{32241C1B-76C6-4C39-9A62-1AB98D498F1A}.Debug|ARM.ActiveCfg = Debug|iPhoneSimulator
		{32241C1B-76C6-4C39-9A62-1AB98D498F1A}.Debug|ARM.Build.0 = Debug|iPhoneSimulator
		{32241C1B-76C6-4C39-9A62-1AB98D498F1A}.Debug|ARM64.ActiveCfg = Debug|iPhoneSimulator
		{32241C1B-76C6-4C39-9A62-1AB98D498F1A}.Debug|ARM64.Build.0 = Debug|iPhoneSimulator
		{32241C1B-76C6-4C39-9A62-1AB98D498F1A}.Debug|iPhone.ActiveCfg = Debug|iPhone
		{32241C1B-76C6-4C39-9A62-1AB98D498F1A}.Debug|iPhone.Build.0 = Debug|iPhone
		{32241C1B-76C6-4C39-9A62-1AB98D498F1A}.Debug|iPhoneSimulator.ActiveCfg = Debug|iPhoneSimulator
		{32241C1B-76C6-4C39-9A62-1AB98D498F1A}.Debug|iPhoneSimulator.Build.0 = Debug|iPhoneSimulator
		{32241C1B-76C6-4C39-9A62-1AB98D498F1A}.Debug|x64.ActiveCfg = Debug|iPhoneSimulator
		{32241C1B-76C6-4C39-9A62-1AB98D498F1A}.Debug|x64.Build.0 = Debug|iPhoneSimulator
		{32241C1B-76C6-4C39-9A62-1AB98D498F1A}.Debug|x86.ActiveCfg = Debug|iPhoneSimulator
		{32241C1B-76C6-4C39-9A62-1AB98D498F1A}.Debug|x86.Build.0 = Debug|iPhoneSimulator
		{32241C1B-76C6-4C39-9A62-1AB98D498F1A}.Release|Any CPU.ActiveCfg = Release|iPhoneSimulator
		{32241C1B-76C6-4C39-9A62-1AB98D498F1A}.Release|Any CPU.Build.0 = Release|iPhoneSimulator
		{32241C1B-76C6-4C39-9A62-1AB98D498F1A}.Release|ARM.ActiveCfg = Release|iPhoneSimulator
		{32241C1B-76C6-4C39-9A62-1AB98D498F1A}.Release|ARM.Build.0 = Release|iPhoneSimulator
		{32241C1B-76C6-4C39-9A62-1AB98D498F1A}.Release|ARM64.ActiveCfg = Release|iPhoneSimulator
		{32241C1B-76C6-4C39-9A62-1AB98D498F1A}.Release|ARM64.Build.0 = Release|iPhoneSimulator
		{32241C1B-76C6-4C39-9A62-1AB98D498F1A}.Release|iPhone.ActiveCfg = Release|iPhone
		{32241C1B-76C6-4C39-9A62-1AB98D498F1A}.Release|iPhone.Build.0 = Release|iPhone
		{32241C1B-76C6-4C39-9A62-1AB98D498F1A}.Release|iPhoneSimulator.ActiveCfg = Release|iPhoneSimulator
		{32241C1B-76C6-4C39-9A62-1AB98D498F1A}.Release|iPhoneSimulator.Build.0 = Release|iPhoneSimulator
		{32241C1B-76C6-4C39-9A62-1AB98D498F1A}.Release|x64.ActiveCfg = Release|iPhoneSimulator
		{32241C1B-76C6-4C39-9A62-1AB98D498F1A}.Release|x64.Build.0 = Release|iPhoneSimulator
		{32241C1B-76C6-4C39-9A62-1AB98D498F1A}.Release|x86.ActiveCfg = Release|iPhoneSimulator
		{32241C1B-76C6-4C39-9A62-1AB98D498F1A}.Release|x86.Build.0 = Release|iPhoneSimulator
		{99E60A9A-930A-42DF-8696-3504E3A05A37}.Ad-Hoc|Any CPU.ActiveCfg = Debug|x64
		{99E60A9A-930A-42DF-8696-3504E3A05A37}.Ad-Hoc|Any CPU.Build.0 = Debug|x64
		{99E60A9A-930A-42DF-8696-3504E3A05A37}.Ad-Hoc|Any CPU.Deploy.0 = Debug|x64
		{99E60A9A-930A-42DF-8696-3504E3A05A37}.Ad-Hoc|ARM.ActiveCfg = Debug|ARM
		{99E60A9A-930A-42DF-8696-3504E3A05A37}.Ad-Hoc|ARM.Build.0 = Debug|ARM
		{99E60A9A-930A-42DF-8696-3504E3A05A37}.Ad-Hoc|ARM.Deploy.0 = Debug|ARM
		{99E60A9A-930A-42DF-8696-3504E3A05A37}.Ad-Hoc|ARM64.ActiveCfg = Debug|ARM64
		{99E60A9A-930A-42DF-8696-3504E3A05A37}.Ad-Hoc|ARM64.Build.0 = Debug|ARM64
		{99E60A9A-930A-42DF-8696-3504E3A05A37}.Ad-Hoc|ARM64.Deploy.0 = Debug|ARM64
		{99E60A9A-930A-42DF-8696-3504E3A05A37}.Ad-Hoc|iPhone.ActiveCfg = Debug|x64
		{99E60A9A-930A-42DF-8696-3504E3A05A37}.Ad-Hoc|iPhone.Build.0 = Debug|x64
		{99E60A9A-930A-42DF-8696-3504E3A05A37}.Ad-Hoc|iPhone.Deploy.0 = Debug|x64
		{99E60A9A-930A-42DF-8696-3504E3A05A37}.Ad-Hoc|iPhoneSimulator.ActiveCfg = Debug|x64
		{99E60A9A-930A-42DF-8696-3504E3A05A37}.Ad-Hoc|iPhoneSimulator.Build.0 = Debug|x64
		{99E60A9A-930A-42DF-8696-3504E3A05A37}.Ad-Hoc|iPhoneSimulator.Deploy.0 = Debug|x64
		{99E60A9A-930A-42DF-8696-3504E3A05A37}.Ad-Hoc|x64.ActiveCfg = Debug|x64
		{99E60A9A-930A-42DF-8696-3504E3A05A37}.Ad-Hoc|x64.Build.0 = Debug|x64
		{99E60A9A-930A-42DF-8696-3504E3A05A37}.Ad-Hoc|x64.Deploy.0 = Debug|x64
		{99E60A9A-930A-42DF-8696-3504E3A05A37}.Ad-Hoc|x86.ActiveCfg = Debug|x86
		{99E60A9A-930A-42DF-8696-3504E3A05A37}.Ad-Hoc|x86.Build.0 = Debug|x86
		{99E60A9A-930A-42DF-8696-3504E3A05A37}.Ad-Hoc|x86.Deploy.0 = Debug|x86
		{99E60A9A-930A-42DF-8696-3504E3A05A37}.AppStore|Any CPU.ActiveCfg = Debug|x64
		{99E60A9A-930A-42DF-8696-3504E3A05A37}.AppStore|Any CPU.Build.0 = Debug|x64
		{99E60A9A-930A-42DF-8696-3504E3A05A37}.AppStore|Any CPU.Deploy.0 = Debug|x64
		{99E60A9A-930A-42DF-8696-3504E3A05A37}.AppStore|ARM.ActiveCfg = Debug|ARM
		{99E60A9A-930A-42DF-8696-3504E3A05A37}.AppStore|ARM.Build.0 = Debug|ARM
		{99E60A9A-930A-42DF-8696-3504E3A05A37}.AppStore|ARM.Deploy.0 = Debug|ARM
		{99E60A9A-930A-42DF-8696-3504E3A05A37}.AppStore|ARM64.ActiveCfg = Debug|ARM64
		{99E60A9A-930A-42DF-8696-3504E3A05A37}.AppStore|ARM64.Build.0 = Debug|ARM64
		{99E60A9A-930A-42DF-8696-3504E3A05A37}.AppStore|ARM64.Deploy.0 = Debug|ARM64
		{99E60A9A-930A-42DF-8696-3504E3A05A37}.AppStore|iPhone.ActiveCfg = Debug|x64
		{99E60A9A-930A-42DF-8696-3504E3A05A37}.AppStore|iPhone.Build.0 = Debug|x64
		{99E60A9A-930A-42DF-8696-3504E3A05A37}.AppStore|iPhone.Deploy.0 = Debug|x64
		{99E60A9A-930A-42DF-8696-3504E3A05A37}.AppStore|iPhoneSimulator.ActiveCfg = Debug|x64
		{99E60A9A-930A-42DF-8696-3504E3A05A37}.AppStore|iPhoneSimulator.Build.0 = Debug|x64
		{99E60A9A-930A-42DF-8696-3504E3A05A37}.AppStore|iPhoneSimulator.Deploy.0 = Debug|x64
		{99E60A9A-930A-42DF-8696-3504E3A05A37}.AppStore|x64.ActiveCfg = Debug|x64
		{99E60A9A-930A-42DF-8696-3504E3A05A37}.AppStore|x64.Build.0 = Debug|x64
		{99E60A9A-930A-42DF-8696-3504E3A05A37}.AppStore|x64.Deploy.0 = Debug|x64
		{99E60A9A-930A-42DF-8696-3504E3A05A37}.AppStore|x86.ActiveCfg = Debug|x86
		{99E60A9A-930A-42DF-8696-3504E3A05A37}.AppStore|x86.Build.0 = Debug|x86
		{99E60A9A-930A-42DF-8696-3504E3A05A37}.AppStore|x86.Deploy.0 = Debug|x86
		{99E60A9A-930A-42DF-8696-3504E3A05A37}.Debug|Any CPU.ActiveCfg = Debug|x64
		{99E60A9A-930A-42DF-8696-3504E3A05A37}.Debug|Any CPU.Build.0 = Debug|x64
		{99E60A9A-930A-42DF-8696-3504E3A05A37}.Debug|Any CPU.Deploy.0 = Debug|x64
		{99E60A9A-930A-42DF-8696-3504E3A05A37}.Debug|ARM.ActiveCfg = Debug|ARM
		{99E60A9A-930A-42DF-8696-3504E3A05A37}.Debug|ARM.Build.0 = Debug|ARM
		{99E60A9A-930A-42DF-8696-3504E3A05A37}.Debug|ARM.Deploy.0 = Debug|ARM
		{99E60A9A-930A-42DF-8696-3504E3A05A37}.Debug|ARM64.ActiveCfg = Debug|ARM64
		{99E60A9A-930A-42DF-8696-3504E3A05A37}.Debug|ARM64.Build.0 = Debug|ARM64
		{99E60A9A-930A-42DF-8696-3504E3A05A37}.Debug|ARM64.Deploy.0 = Debug|ARM64
		{99E60A9A-930A-42DF-8696-3504E3A05A37}.Debug|iPhone.ActiveCfg = Debug|x64
		{99E60A9A-930A-42DF-8696-3504E3A05A37}.Debug|iPhone.Build.0 = Debug|x64
		{99E60A9A-930A-42DF-8696-3504E3A05A37}.Debug|iPhone.Deploy.0 = Debug|x64
		{99E60A9A-930A-42DF-8696-3504E3A05A37}.Debug|iPhoneSimulator.ActiveCfg = Debug|x64
		{99E60A9A-930A-42DF-8696-3504E3A05A37}.Debug|iPhoneSimulator.Build.0 = Debug|x64
		{99E60A9A-930A-42DF-8696-3504E3A05A37}.Debug|iPhoneSimulator.Deploy.0 = Debug|x64
		{99E60A9A-930A-42DF-8696-3504E3A05A37}.Debug|x64.ActiveCfg = Debug|x64
		{99E60A9A-930A-42DF-8696-3504E3A05A37}.Debug|x64.Build.0 = Debug|x64
		{99E60A9A-930A-42DF-8696-3504E3A05A37}.Debug|x64.Deploy.0 = Debug|x64
		{99E60A9A-930A-42DF-8696-3504E3A05A37}.Debug|x86.ActiveCfg = Debug|x86
		{99E60A9A-930A-42DF-8696-3504E3A05A37}.Debug|x86.Build.0 = Debug|x86
		{99E60A9A-930A-42DF-8696-3504E3A05A37}.Debug|x86.Deploy.0 = Debug|x86
		{99E60A9A-930A-42DF-8696-3504E3A05A37}.Release|Any CPU.ActiveCfg = Release|x64
		{99E60A9A-930A-42DF-8696-3504E3A05A37}.Release|Any CPU.Build.0 = Release|x64
		{99E60A9A-930A-42DF-8696-3504E3A05A37}.Release|Any CPU.Deploy.0 = Release|x64
		{99E60A9A-930A-42DF-8696-3504E3A05A37}.Release|ARM.ActiveCfg = Release|ARM
		{99E60A9A-930A-42DF-8696-3504E3A05A37}.Release|ARM.Build.0 = Release|ARM
		{99E60A9A-930A-42DF-8696-3504E3A05A37}.Release|ARM.Deploy.0 = Release|ARM
		{99E60A9A-930A-42DF-8696-3504E3A05A37}.Release|ARM64.ActiveCfg = Release|ARM64
		{99E60A9A-930A-42DF-8696-3504E3A05A37}.Release|ARM64.Build.0 = Release|ARM64
		{99E60A9A-930A-42DF-8696-3504E3A05A37}.Release|ARM64.Deploy.0 = Release|ARM64
		{99E60A9A-930A-42DF-8696-3504E3A05A37}.Release|iPhone.ActiveCfg = Release|x64
		{99E60A9A-930A-42DF-8696-3504E3A05A37}.Release|iPhone.Build.0 = Release|x64
		{99E60A9A-930A-42DF-8696-3504E3A05A37}.Release|iPhone.Deploy.0 = Release|x64
		{99E60A9A-930A-42DF-8696-3504E3A05A37}.Release|iPhoneSimulator.ActiveCfg = Release|x64
		{99E60A9A-930A-42DF-8696-3504E3A05A37}.Release|iPhoneSimulator.Build.0 = Release|x64
		{99E60A9A-930A-42DF-8696-3504E3A05A37}.Release|iPhoneSimulator.Deploy.0 = Release|x64
		{99E60A9A-930A-42DF-8696-3504E3A05A37}.Release|x64.ActiveCfg = Release|x64
		{99E60A9A-930A-42DF-8696-3504E3A05A37}.Release|x64.Build.0 = Release|x64
		{99E60A9A-930A-42DF-8696-3504E3A05A37}.Release|x64.Deploy.0 = Release|x64
		{99E60A9A-930A-42DF-8696-3504E3A05A37}.Release|x86.ActiveCfg = Release|x86
		{99E60A9A-930A-42DF-8696-3504E3A05A37}.Release|x86.Build.0 = Release|x86
		{99E60A9A-930A-42DF-8696-3504E3A05A37}.Release|x86.Deploy.0 = Release|x86
		{16968E6C-1CD4-4F7C-B36F-434403FBD09F}.Ad-Hoc|Any CPU.ActiveCfg = Debug|Any CPU
		{16968E6C-1CD4-4F7C-B36F-434403FBD09F}.Ad-Hoc|Any CPU.Build.0 = Debug|Any CPU
		{16968E6C-1CD4-4F7C-B36F-434403FBD09F}.Ad-Hoc|ARM.ActiveCfg = Debug|Any CPU
		{16968E6C-1CD4-4F7C-B36F-434403FBD09F}.Ad-Hoc|ARM.Build.0 = Debug|Any CPU
		{16968E6C-1CD4-4F7C-B36F-434403FBD09F}.Ad-Hoc|ARM64.ActiveCfg = Debug|Any CPU
		{16968E6C-1CD4-4F7C-B36F-434403FBD09F}.Ad-Hoc|ARM64.Build.0 = Debug|Any CPU
		{16968E6C-1CD4-4F7C-B36F-434403FBD09F}.Ad-Hoc|iPhone.ActiveCfg = Debug|Any CPU
		{16968E6C-1CD4-4F7C-B36F-434403FBD09F}.Ad-Hoc|iPhone.Build.0 = Debug|Any CPU
		{16968E6C-1CD4-4F7C-B36F-434403FBD09F}.Ad-Hoc|iPhoneSimulator.ActiveCfg = Debug|Any CPU
		{16968E6C-1CD4-4F7C-B36F-434403FBD09F}.Ad-Hoc|iPhoneSimulator.Build.0 = Debug|Any CPU
		{16968E6C-1CD4-4F7C-B36F-434403FBD09F}.Ad-Hoc|x64.ActiveCfg = Debug|Any CPU
		{16968E6C-1CD4-4F7C-B36F-434403FBD09F}.Ad-Hoc|x64.Build.0 = Debug|Any CPU
		{16968E6C-1CD4-4F7C-B36F-434403FBD09F}.Ad-Hoc|x86.ActiveCfg = Debug|Any CPU
		{16968E6C-1CD4-4F7C-B36F-434403FBD09F}.Ad-Hoc|x86.Build.0 = Debug|Any CPU
		{16968E6C-1CD4-4F7C-B36F-434403FBD09F}.AppStore|Any CPU.ActiveCfg = Debug|Any CPU
		{16968E6C-1CD4-4F7C-B36F-434403FBD09F}.AppStore|Any CPU.Build.0 = Debug|Any CPU
		{16968E6C-1CD4-4F7C-B36F-434403FBD09F}.AppStore|ARM.ActiveCfg = Debug|Any CPU
		{16968E6C-1CD4-4F7C-B36F-434403FBD09F}.AppStore|ARM.Build.0 = Debug|Any CPU
		{16968E6C-1CD4-4F7C-B36F-434403FBD09F}.AppStore|ARM64.ActiveCfg = Debug|Any CPU
		{16968E6C-1CD4-4F7C-B36F-434403FBD09F}.AppStore|ARM64.Build.0 = Debug|Any CPU
		{16968E6C-1CD4-4F7C-B36F-434403FBD09F}.AppStore|iPhone.ActiveCfg = Debug|Any CPU
		{16968E6C-1CD4-4F7C-B36F-434403FBD09F}.AppStore|iPhone.Build.0 = Debug|Any CPU
		{16968E6C-1CD4-4F7C-B36F-434403FBD09F}.AppStore|iPhoneSimulator.ActiveCfg = Debug|Any CPU
		{16968E6C-1CD4-4F7C-B36F-434403FBD09F}.AppStore|iPhoneSimulator.Build.0 = Debug|Any CPU
		{16968E6C-1CD4-4F7C-B36F-434403FBD09F}.AppStore|x64.ActiveCfg = Debug|Any CPU
		{16968E6C-1CD4-4F7C-B36F-434403FBD09F}.AppStore|x64.Build.0 = Debug|Any CPU
		{16968E6C-1CD4-4F7C-B36F-434403FBD09F}.AppStore|x86.ActiveCfg = Debug|Any CPU
		{16968E6C-1CD4-4F7C-B36F-434403FBD09F}.AppStore|x86.Build.0 = Debug|Any CPU
		{16968E6C-1CD4-4F7C-B36F-434403FBD09F}.Debug|Any CPU.ActiveCfg = Debug|Any CPU
		{16968E6C-1CD4-4F7C-B36F-434403FBD09F}.Debug|Any CPU.Build.0 = Debug|Any CPU
		{16968E6C-1CD4-4F7C-B36F-434403FBD09F}.Debug|ARM.ActiveCfg = Debug|Any CPU
		{16968E6C-1CD4-4F7C-B36F-434403FBD09F}.Debug|ARM.Build.0 = Debug|Any CPU
		{16968E6C-1CD4-4F7C-B36F-434403FBD09F}.Debug|ARM64.ActiveCfg = Debug|Any CPU
		{16968E6C-1CD4-4F7C-B36F-434403FBD09F}.Debug|ARM64.Build.0 = Debug|Any CPU
		{16968E6C-1CD4-4F7C-B36F-434403FBD09F}.Debug|iPhone.ActiveCfg = Debug|Any CPU
		{16968E6C-1CD4-4F7C-B36F-434403FBD09F}.Debug|iPhone.Build.0 = Debug|Any CPU
		{16968E6C-1CD4-4F7C-B36F-434403FBD09F}.Debug|iPhoneSimulator.ActiveCfg = Debug|Any CPU
		{16968E6C-1CD4-4F7C-B36F-434403FBD09F}.Debug|iPhoneSimulator.Build.0 = Debug|Any CPU
		{16968E6C-1CD4-4F7C-B36F-434403FBD09F}.Debug|x64.ActiveCfg = Debug|Any CPU
		{16968E6C-1CD4-4F7C-B36F-434403FBD09F}.Debug|x64.Build.0 = Debug|Any CPU
		{16968E6C-1CD4-4F7C-B36F-434403FBD09F}.Debug|x86.ActiveCfg = Debug|Any CPU
		{16968E6C-1CD4-4F7C-B36F-434403FBD09F}.Debug|x86.Build.0 = Debug|Any CPU
		{16968E6C-1CD4-4F7C-B36F-434403FBD09F}.Release|Any CPU.ActiveCfg = Release|Any CPU
		{16968E6C-1CD4-4F7C-B36F-434403FBD09F}.Release|Any CPU.Build.0 = Release|Any CPU
		{16968E6C-1CD4-4F7C-B36F-434403FBD09F}.Release|ARM.ActiveCfg = Release|Any CPU
		{16968E6C-1CD4-4F7C-B36F-434403FBD09F}.Release|ARM.Build.0 = Release|Any CPU
		{16968E6C-1CD4-4F7C-B36F-434403FBD09F}.Release|ARM64.ActiveCfg = Release|Any CPU
		{16968E6C-1CD4-4F7C-B36F-434403FBD09F}.Release|ARM64.Build.0 = Release|Any CPU
		{16968E6C-1CD4-4F7C-B36F-434403FBD09F}.Release|iPhone.ActiveCfg = Release|Any CPU
		{16968E6C-1CD4-4F7C-B36F-434403FBD09F}.Release|iPhone.Build.0 = Release|Any CPU
		{16968E6C-1CD4-4F7C-B36F-434403FBD09F}.Release|iPhoneSimulator.ActiveCfg = Release|Any CPU
		{16968E6C-1CD4-4F7C-B36F-434403FBD09F}.Release|iPhoneSimulator.Build.0 = Release|Any CPU
		{16968E6C-1CD4-4F7C-B36F-434403FBD09F}.Release|x64.ActiveCfg = Release|Any CPU
		{16968E6C-1CD4-4F7C-B36F-434403FBD09F}.Release|x64.Build.0 = Release|Any CPU
		{16968E6C-1CD4-4F7C-B36F-434403FBD09F}.Release|x86.ActiveCfg = Release|Any CPU
		{16968E6C-1CD4-4F7C-B36F-434403FBD09F}.Release|x86.Build.0 = Release|Any CPU
		{E7CA8077-1E47-4AE8-926F-D1FEA5E11067}.Ad-Hoc|Any CPU.ActiveCfg = Debug|iPhoneSimulator
		{E7CA8077-1E47-4AE8-926F-D1FEA5E11067}.Ad-Hoc|Any CPU.Build.0 = Debug|iPhoneSimulator
		{E7CA8077-1E47-4AE8-926F-D1FEA5E11067}.Ad-Hoc|ARM.ActiveCfg = Debug|iPhoneSimulator
		{E7CA8077-1E47-4AE8-926F-D1FEA5E11067}.Ad-Hoc|ARM.Build.0 = Debug|iPhoneSimulator
		{E7CA8077-1E47-4AE8-926F-D1FEA5E11067}.Ad-Hoc|ARM64.ActiveCfg = Debug|iPhoneSimulator
		{E7CA8077-1E47-4AE8-926F-D1FEA5E11067}.Ad-Hoc|ARM64.Build.0 = Debug|iPhoneSimulator
		{E7CA8077-1E47-4AE8-926F-D1FEA5E11067}.Ad-Hoc|iPhone.ActiveCfg = Debug|iPhoneSimulator
		{E7CA8077-1E47-4AE8-926F-D1FEA5E11067}.Ad-Hoc|iPhone.Build.0 = Debug|iPhoneSimulator
		{E7CA8077-1E47-4AE8-926F-D1FEA5E11067}.Ad-Hoc|iPhoneSimulator.ActiveCfg = Debug|iPhoneSimulator
		{E7CA8077-1E47-4AE8-926F-D1FEA5E11067}.Ad-Hoc|iPhoneSimulator.Build.0 = Debug|iPhoneSimulator
		{E7CA8077-1E47-4AE8-926F-D1FEA5E11067}.Ad-Hoc|x64.ActiveCfg = Debug|iPhoneSimulator
		{E7CA8077-1E47-4AE8-926F-D1FEA5E11067}.Ad-Hoc|x64.Build.0 = Debug|iPhoneSimulator
		{E7CA8077-1E47-4AE8-926F-D1FEA5E11067}.Ad-Hoc|x86.ActiveCfg = Debug|iPhoneSimulator
		{E7CA8077-1E47-4AE8-926F-D1FEA5E11067}.Ad-Hoc|x86.Build.0 = Debug|iPhoneSimulator
		{E7CA8077-1E47-4AE8-926F-D1FEA5E11067}.AppStore|Any CPU.ActiveCfg = Debug|iPhoneSimulator
		{E7CA8077-1E47-4AE8-926F-D1FEA5E11067}.AppStore|Any CPU.Build.0 = Debug|iPhoneSimulator
		{E7CA8077-1E47-4AE8-926F-D1FEA5E11067}.AppStore|ARM.ActiveCfg = Debug|iPhoneSimulator
		{E7CA8077-1E47-4AE8-926F-D1FEA5E11067}.AppStore|ARM.Build.0 = Debug|iPhoneSimulator
		{E7CA8077-1E47-4AE8-926F-D1FEA5E11067}.AppStore|ARM64.ActiveCfg = Debug|iPhoneSimulator
		{E7CA8077-1E47-4AE8-926F-D1FEA5E11067}.AppStore|ARM64.Build.0 = Debug|iPhoneSimulator
		{E7CA8077-1E47-4AE8-926F-D1FEA5E11067}.AppStore|iPhone.ActiveCfg = Debug|iPhoneSimulator
		{E7CA8077-1E47-4AE8-926F-D1FEA5E11067}.AppStore|iPhone.Build.0 = Debug|iPhoneSimulator
		{E7CA8077-1E47-4AE8-926F-D1FEA5E11067}.AppStore|iPhoneSimulator.ActiveCfg = Debug|iPhoneSimulator
		{E7CA8077-1E47-4AE8-926F-D1FEA5E11067}.AppStore|iPhoneSimulator.Build.0 = Debug|iPhoneSimulator
		{E7CA8077-1E47-4AE8-926F-D1FEA5E11067}.AppStore|x64.ActiveCfg = Debug|iPhoneSimulator
		{E7CA8077-1E47-4AE8-926F-D1FEA5E11067}.AppStore|x64.Build.0 = Debug|iPhoneSimulator
		{E7CA8077-1E47-4AE8-926F-D1FEA5E11067}.AppStore|x86.ActiveCfg = Debug|iPhoneSimulator
		{E7CA8077-1E47-4AE8-926F-D1FEA5E11067}.AppStore|x86.Build.0 = Debug|iPhoneSimulator
		{E7CA8077-1E47-4AE8-926F-D1FEA5E11067}.Debug|Any CPU.ActiveCfg = Debug|iPhoneSimulator
		{E7CA8077-1E47-4AE8-926F-D1FEA5E11067}.Debug|Any CPU.Build.0 = Debug|iPhoneSimulator
		{E7CA8077-1E47-4AE8-926F-D1FEA5E11067}.Debug|ARM.ActiveCfg = Debug|iPhoneSimulator
		{E7CA8077-1E47-4AE8-926F-D1FEA5E11067}.Debug|ARM.Build.0 = Debug|iPhoneSimulator
		{E7CA8077-1E47-4AE8-926F-D1FEA5E11067}.Debug|ARM64.ActiveCfg = Debug|iPhoneSimulator
		{E7CA8077-1E47-4AE8-926F-D1FEA5E11067}.Debug|ARM64.Build.0 = Debug|iPhoneSimulator
		{E7CA8077-1E47-4AE8-926F-D1FEA5E11067}.Debug|iPhone.ActiveCfg = Debug|iPhoneSimulator
		{E7CA8077-1E47-4AE8-926F-D1FEA5E11067}.Debug|iPhone.Build.0 = Debug|iPhoneSimulator
		{E7CA8077-1E47-4AE8-926F-D1FEA5E11067}.Debug|iPhoneSimulator.ActiveCfg = Debug|iPhoneSimulator
		{E7CA8077-1E47-4AE8-926F-D1FEA5E11067}.Debug|iPhoneSimulator.Build.0 = Debug|iPhoneSimulator
		{E7CA8077-1E47-4AE8-926F-D1FEA5E11067}.Debug|x64.ActiveCfg = Debug|iPhoneSimulator
		{E7CA8077-1E47-4AE8-926F-D1FEA5E11067}.Debug|x64.Build.0 = Debug|iPhoneSimulator
		{E7CA8077-1E47-4AE8-926F-D1FEA5E11067}.Debug|x86.ActiveCfg = Debug|iPhoneSimulator
		{E7CA8077-1E47-4AE8-926F-D1FEA5E11067}.Debug|x86.Build.0 = Debug|iPhoneSimulator
		{E7CA8077-1E47-4AE8-926F-D1FEA5E11067}.Release|Any CPU.ActiveCfg = Release|iPhoneSimulator
		{E7CA8077-1E47-4AE8-926F-D1FEA5E11067}.Release|Any CPU.Build.0 = Release|iPhoneSimulator
		{E7CA8077-1E47-4AE8-926F-D1FEA5E11067}.Release|ARM.ActiveCfg = Release|iPhoneSimulator
		{E7CA8077-1E47-4AE8-926F-D1FEA5E11067}.Release|ARM.Build.0 = Release|iPhoneSimulator
		{E7CA8077-1E47-4AE8-926F-D1FEA5E11067}.Release|ARM64.ActiveCfg = Release|iPhoneSimulator
		{E7CA8077-1E47-4AE8-926F-D1FEA5E11067}.Release|ARM64.Build.0 = Release|iPhoneSimulator
		{E7CA8077-1E47-4AE8-926F-D1FEA5E11067}.Release|iPhone.ActiveCfg = Release|iPhoneSimulator
		{E7CA8077-1E47-4AE8-926F-D1FEA5E11067}.Release|iPhone.Build.0 = Release|iPhoneSimulator
		{E7CA8077-1E47-4AE8-926F-D1FEA5E11067}.Release|iPhoneSimulator.ActiveCfg = Release|iPhoneSimulator
		{E7CA8077-1E47-4AE8-926F-D1FEA5E11067}.Release|iPhoneSimulator.Build.0 = Release|iPhoneSimulator
		{E7CA8077-1E47-4AE8-926F-D1FEA5E11067}.Release|x64.ActiveCfg = Release|iPhoneSimulator
		{E7CA8077-1E47-4AE8-926F-D1FEA5E11067}.Release|x64.Build.0 = Release|iPhoneSimulator
		{E7CA8077-1E47-4AE8-926F-D1FEA5E11067}.Release|x86.ActiveCfg = Release|iPhoneSimulator
		{E7CA8077-1E47-4AE8-926F-D1FEA5E11067}.Release|x86.Build.0 = Release|iPhoneSimulator
		{FCA02E8B-4EB9-4F55-8E08-73CAB40B6AF0}.Ad-Hoc|Any CPU.ActiveCfg = Debug|Any CPU
		{FCA02E8B-4EB9-4F55-8E08-73CAB40B6AF0}.Ad-Hoc|Any CPU.Build.0 = Debug|Any CPU
		{FCA02E8B-4EB9-4F55-8E08-73CAB40B6AF0}.Ad-Hoc|ARM.ActiveCfg = Debug|Any CPU
		{FCA02E8B-4EB9-4F55-8E08-73CAB40B6AF0}.Ad-Hoc|ARM.Build.0 = Debug|Any CPU
		{FCA02E8B-4EB9-4F55-8E08-73CAB40B6AF0}.Ad-Hoc|ARM64.ActiveCfg = Debug|Any CPU
		{FCA02E8B-4EB9-4F55-8E08-73CAB40B6AF0}.Ad-Hoc|ARM64.Build.0 = Debug|Any CPU
		{FCA02E8B-4EB9-4F55-8E08-73CAB40B6AF0}.Ad-Hoc|iPhone.ActiveCfg = Debug|Any CPU
		{FCA02E8B-4EB9-4F55-8E08-73CAB40B6AF0}.Ad-Hoc|iPhone.Build.0 = Debug|Any CPU
		{FCA02E8B-4EB9-4F55-8E08-73CAB40B6AF0}.Ad-Hoc|iPhoneSimulator.ActiveCfg = Debug|Any CPU
		{FCA02E8B-4EB9-4F55-8E08-73CAB40B6AF0}.Ad-Hoc|iPhoneSimulator.Build.0 = Debug|Any CPU
		{FCA02E8B-4EB9-4F55-8E08-73CAB40B6AF0}.Ad-Hoc|x64.ActiveCfg = Debug|Any CPU
		{FCA02E8B-4EB9-4F55-8E08-73CAB40B6AF0}.Ad-Hoc|x64.Build.0 = Debug|Any CPU
		{FCA02E8B-4EB9-4F55-8E08-73CAB40B6AF0}.Ad-Hoc|x86.ActiveCfg = Debug|Any CPU
		{FCA02E8B-4EB9-4F55-8E08-73CAB40B6AF0}.Ad-Hoc|x86.Build.0 = Debug|Any CPU
		{FCA02E8B-4EB9-4F55-8E08-73CAB40B6AF0}.AppStore|Any CPU.ActiveCfg = Debug|Any CPU
		{FCA02E8B-4EB9-4F55-8E08-73CAB40B6AF0}.AppStore|Any CPU.Build.0 = Debug|Any CPU
		{FCA02E8B-4EB9-4F55-8E08-73CAB40B6AF0}.AppStore|ARM.ActiveCfg = Debug|Any CPU
		{FCA02E8B-4EB9-4F55-8E08-73CAB40B6AF0}.AppStore|ARM.Build.0 = Debug|Any CPU
		{FCA02E8B-4EB9-4F55-8E08-73CAB40B6AF0}.AppStore|ARM64.ActiveCfg = Debug|Any CPU
		{FCA02E8B-4EB9-4F55-8E08-73CAB40B6AF0}.AppStore|ARM64.Build.0 = Debug|Any CPU
		{FCA02E8B-4EB9-4F55-8E08-73CAB40B6AF0}.AppStore|iPhone.ActiveCfg = Debug|Any CPU
		{FCA02E8B-4EB9-4F55-8E08-73CAB40B6AF0}.AppStore|iPhone.Build.0 = Debug|Any CPU
		{FCA02E8B-4EB9-4F55-8E08-73CAB40B6AF0}.AppStore|iPhoneSimulator.ActiveCfg = Debug|Any CPU
		{FCA02E8B-4EB9-4F55-8E08-73CAB40B6AF0}.AppStore|iPhoneSimulator.Build.0 = Debug|Any CPU
		{FCA02E8B-4EB9-4F55-8E08-73CAB40B6AF0}.AppStore|x64.ActiveCfg = Debug|Any CPU
		{FCA02E8B-4EB9-4F55-8E08-73CAB40B6AF0}.AppStore|x64.Build.0 = Debug|Any CPU
		{FCA02E8B-4EB9-4F55-8E08-73CAB40B6AF0}.AppStore|x86.ActiveCfg = Debug|Any CPU
		{FCA02E8B-4EB9-4F55-8E08-73CAB40B6AF0}.AppStore|x86.Build.0 = Debug|Any CPU
		{FCA02E8B-4EB9-4F55-8E08-73CAB40B6AF0}.Debug|Any CPU.ActiveCfg = Debug|Any CPU
		{FCA02E8B-4EB9-4F55-8E08-73CAB40B6AF0}.Debug|Any CPU.Build.0 = Debug|Any CPU
		{FCA02E8B-4EB9-4F55-8E08-73CAB40B6AF0}.Debug|ARM.ActiveCfg = Debug|Any CPU
		{FCA02E8B-4EB9-4F55-8E08-73CAB40B6AF0}.Debug|ARM.Build.0 = Debug|Any CPU
		{FCA02E8B-4EB9-4F55-8E08-73CAB40B6AF0}.Debug|ARM64.ActiveCfg = Debug|Any CPU
		{FCA02E8B-4EB9-4F55-8E08-73CAB40B6AF0}.Debug|ARM64.Build.0 = Debug|Any CPU
		{FCA02E8B-4EB9-4F55-8E08-73CAB40B6AF0}.Debug|iPhone.ActiveCfg = Debug|Any CPU
		{FCA02E8B-4EB9-4F55-8E08-73CAB40B6AF0}.Debug|iPhone.Build.0 = Debug|Any CPU
		{FCA02E8B-4EB9-4F55-8E08-73CAB40B6AF0}.Debug|iPhoneSimulator.ActiveCfg = Debug|Any CPU
		{FCA02E8B-4EB9-4F55-8E08-73CAB40B6AF0}.Debug|iPhoneSimulator.Build.0 = Debug|Any CPU
		{FCA02E8B-4EB9-4F55-8E08-73CAB40B6AF0}.Debug|x64.ActiveCfg = Debug|Any CPU
		{FCA02E8B-4EB9-4F55-8E08-73CAB40B6AF0}.Debug|x64.Build.0 = Debug|Any CPU
		{FCA02E8B-4EB9-4F55-8E08-73CAB40B6AF0}.Debug|x86.ActiveCfg = Debug|Any CPU
		{FCA02E8B-4EB9-4F55-8E08-73CAB40B6AF0}.Debug|x86.Build.0 = Debug|Any CPU
		{FCA02E8B-4EB9-4F55-8E08-73CAB40B6AF0}.Release|Any CPU.ActiveCfg = Release|Any CPU
		{FCA02E8B-4EB9-4F55-8E08-73CAB40B6AF0}.Release|Any CPU.Build.0 = Release|Any CPU
		{FCA02E8B-4EB9-4F55-8E08-73CAB40B6AF0}.Release|ARM.ActiveCfg = Release|Any CPU
		{FCA02E8B-4EB9-4F55-8E08-73CAB40B6AF0}.Release|ARM.Build.0 = Release|Any CPU
		{FCA02E8B-4EB9-4F55-8E08-73CAB40B6AF0}.Release|ARM64.ActiveCfg = Release|Any CPU
		{FCA02E8B-4EB9-4F55-8E08-73CAB40B6AF0}.Release|ARM64.Build.0 = Release|Any CPU
		{FCA02E8B-4EB9-4F55-8E08-73CAB40B6AF0}.Release|iPhone.ActiveCfg = Release|Any CPU
		{FCA02E8B-4EB9-4F55-8E08-73CAB40B6AF0}.Release|iPhone.Build.0 = Release|Any CPU
		{FCA02E8B-4EB9-4F55-8E08-73CAB40B6AF0}.Release|iPhoneSimulator.ActiveCfg = Release|Any CPU
		{FCA02E8B-4EB9-4F55-8E08-73CAB40B6AF0}.Release|iPhoneSimulator.Build.0 = Release|Any CPU
		{FCA02E8B-4EB9-4F55-8E08-73CAB40B6AF0}.Release|x64.ActiveCfg = Release|Any CPU
		{FCA02E8B-4EB9-4F55-8E08-73CAB40B6AF0}.Release|x64.Build.0 = Release|Any CPU
		{FCA02E8B-4EB9-4F55-8E08-73CAB40B6AF0}.Release|x86.ActiveCfg = Release|Any CPU
		{FCA02E8B-4EB9-4F55-8E08-73CAB40B6AF0}.Release|x86.Build.0 = Release|Any CPU
		{7702ABA6-EDB8-4861-8860-88EC3F1CC97F}.Ad-Hoc|Any CPU.ActiveCfg = Debug|Any CPU
		{7702ABA6-EDB8-4861-8860-88EC3F1CC97F}.Ad-Hoc|Any CPU.Build.0 = Debug|Any CPU
		{7702ABA6-EDB8-4861-8860-88EC3F1CC97F}.Ad-Hoc|ARM.ActiveCfg = Debug|Any CPU
		{7702ABA6-EDB8-4861-8860-88EC3F1CC97F}.Ad-Hoc|ARM.Build.0 = Debug|Any CPU
		{7702ABA6-EDB8-4861-8860-88EC3F1CC97F}.Ad-Hoc|ARM64.ActiveCfg = Debug|Any CPU
		{7702ABA6-EDB8-4861-8860-88EC3F1CC97F}.Ad-Hoc|ARM64.Build.0 = Debug|Any CPU
		{7702ABA6-EDB8-4861-8860-88EC3F1CC97F}.Ad-Hoc|iPhone.ActiveCfg = Debug|Any CPU
		{7702ABA6-EDB8-4861-8860-88EC3F1CC97F}.Ad-Hoc|iPhone.Build.0 = Debug|Any CPU
		{7702ABA6-EDB8-4861-8860-88EC3F1CC97F}.Ad-Hoc|iPhoneSimulator.ActiveCfg = Debug|Any CPU
		{7702ABA6-EDB8-4861-8860-88EC3F1CC97F}.Ad-Hoc|iPhoneSimulator.Build.0 = Debug|Any CPU
		{7702ABA6-EDB8-4861-8860-88EC3F1CC97F}.Ad-Hoc|x64.ActiveCfg = Debug|Any CPU
		{7702ABA6-EDB8-4861-8860-88EC3F1CC97F}.Ad-Hoc|x64.Build.0 = Debug|Any CPU
		{7702ABA6-EDB8-4861-8860-88EC3F1CC97F}.Ad-Hoc|x86.ActiveCfg = Debug|Any CPU
		{7702ABA6-EDB8-4861-8860-88EC3F1CC97F}.Ad-Hoc|x86.Build.0 = Debug|Any CPU
		{7702ABA6-EDB8-4861-8860-88EC3F1CC97F}.AppStore|Any CPU.ActiveCfg = Debug|Any CPU
		{7702ABA6-EDB8-4861-8860-88EC3F1CC97F}.AppStore|Any CPU.Build.0 = Debug|Any CPU
		{7702ABA6-EDB8-4861-8860-88EC3F1CC97F}.AppStore|ARM.ActiveCfg = Debug|Any CPU
		{7702ABA6-EDB8-4861-8860-88EC3F1CC97F}.AppStore|ARM.Build.0 = Debug|Any CPU
		{7702ABA6-EDB8-4861-8860-88EC3F1CC97F}.AppStore|ARM64.ActiveCfg = Debug|Any CPU
		{7702ABA6-EDB8-4861-8860-88EC3F1CC97F}.AppStore|ARM64.Build.0 = Debug|Any CPU
		{7702ABA6-EDB8-4861-8860-88EC3F1CC97F}.AppStore|iPhone.ActiveCfg = Debug|Any CPU
		{7702ABA6-EDB8-4861-8860-88EC3F1CC97F}.AppStore|iPhone.Build.0 = Debug|Any CPU
		{7702ABA6-EDB8-4861-8860-88EC3F1CC97F}.AppStore|iPhoneSimulator.ActiveCfg = Debug|Any CPU
		{7702ABA6-EDB8-4861-8860-88EC3F1CC97F}.AppStore|iPhoneSimulator.Build.0 = Debug|Any CPU
		{7702ABA6-EDB8-4861-8860-88EC3F1CC97F}.AppStore|x64.ActiveCfg = Debug|Any CPU
		{7702ABA6-EDB8-4861-8860-88EC3F1CC97F}.AppStore|x64.Build.0 = Debug|Any CPU
		{7702ABA6-EDB8-4861-8860-88EC3F1CC97F}.AppStore|x86.ActiveCfg = Debug|Any CPU
		{7702ABA6-EDB8-4861-8860-88EC3F1CC97F}.AppStore|x86.Build.0 = Debug|Any CPU
		{7702ABA6-EDB8-4861-8860-88EC3F1CC97F}.Debug|Any CPU.ActiveCfg = Debug|Any CPU
		{7702ABA6-EDB8-4861-8860-88EC3F1CC97F}.Debug|Any CPU.Build.0 = Debug|Any CPU
		{7702ABA6-EDB8-4861-8860-88EC3F1CC97F}.Debug|ARM.ActiveCfg = Debug|Any CPU
		{7702ABA6-EDB8-4861-8860-88EC3F1CC97F}.Debug|ARM.Build.0 = Debug|Any CPU
		{7702ABA6-EDB8-4861-8860-88EC3F1CC97F}.Debug|ARM64.ActiveCfg = Debug|Any CPU
		{7702ABA6-EDB8-4861-8860-88EC3F1CC97F}.Debug|ARM64.Build.0 = Debug|Any CPU
		{7702ABA6-EDB8-4861-8860-88EC3F1CC97F}.Debug|iPhone.ActiveCfg = Debug|Any CPU
		{7702ABA6-EDB8-4861-8860-88EC3F1CC97F}.Debug|iPhone.Build.0 = Debug|Any CPU
		{7702ABA6-EDB8-4861-8860-88EC3F1CC97F}.Debug|iPhoneSimulator.ActiveCfg = Debug|Any CPU
		{7702ABA6-EDB8-4861-8860-88EC3F1CC97F}.Debug|iPhoneSimulator.Build.0 = Debug|Any CPU
		{7702ABA6-EDB8-4861-8860-88EC3F1CC97F}.Debug|x64.ActiveCfg = Debug|Any CPU
		{7702ABA6-EDB8-4861-8860-88EC3F1CC97F}.Debug|x64.Build.0 = Debug|Any CPU
		{7702ABA6-EDB8-4861-8860-88EC3F1CC97F}.Debug|x86.ActiveCfg = Debug|Any CPU
		{7702ABA6-EDB8-4861-8860-88EC3F1CC97F}.Debug|x86.Build.0 = Debug|Any CPU
		{7702ABA6-EDB8-4861-8860-88EC3F1CC97F}.Release|Any CPU.ActiveCfg = Release|Any CPU
		{7702ABA6-EDB8-4861-8860-88EC3F1CC97F}.Release|Any CPU.Build.0 = Release|Any CPU
		{7702ABA6-EDB8-4861-8860-88EC3F1CC97F}.Release|ARM.ActiveCfg = Release|Any CPU
		{7702ABA6-EDB8-4861-8860-88EC3F1CC97F}.Release|ARM.Build.0 = Release|Any CPU
		{7702ABA6-EDB8-4861-8860-88EC3F1CC97F}.Release|ARM64.ActiveCfg = Release|Any CPU
		{7702ABA6-EDB8-4861-8860-88EC3F1CC97F}.Release|ARM64.Build.0 = Release|Any CPU
		{7702ABA6-EDB8-4861-8860-88EC3F1CC97F}.Release|iPhone.ActiveCfg = Release|Any CPU
		{7702ABA6-EDB8-4861-8860-88EC3F1CC97F}.Release|iPhone.Build.0 = Release|Any CPU
		{7702ABA6-EDB8-4861-8860-88EC3F1CC97F}.Release|iPhoneSimulator.ActiveCfg = Release|Any CPU
		{7702ABA6-EDB8-4861-8860-88EC3F1CC97F}.Release|iPhoneSimulator.Build.0 = Release|Any CPU
		{7702ABA6-EDB8-4861-8860-88EC3F1CC97F}.Release|x64.ActiveCfg = Release|Any CPU
		{7702ABA6-EDB8-4861-8860-88EC3F1CC97F}.Release|x64.Build.0 = Release|Any CPU
		{7702ABA6-EDB8-4861-8860-88EC3F1CC97F}.Release|x86.ActiveCfg = Release|Any CPU
		{7702ABA6-EDB8-4861-8860-88EC3F1CC97F}.Release|x86.Build.0 = Release|Any CPU
		{B5CDD2C9-13CF-4B28-84F9-61384267F8BD}.Ad-Hoc|Any CPU.ActiveCfg = Debug|Any CPU
		{B5CDD2C9-13CF-4B28-84F9-61384267F8BD}.Ad-Hoc|Any CPU.Build.0 = Debug|Any CPU
		{B5CDD2C9-13CF-4B28-84F9-61384267F8BD}.Ad-Hoc|ARM.ActiveCfg = Debug|Any CPU
		{B5CDD2C9-13CF-4B28-84F9-61384267F8BD}.Ad-Hoc|ARM.Build.0 = Debug|Any CPU
		{B5CDD2C9-13CF-4B28-84F9-61384267F8BD}.Ad-Hoc|ARM64.ActiveCfg = Debug|Any CPU
		{B5CDD2C9-13CF-4B28-84F9-61384267F8BD}.Ad-Hoc|ARM64.Build.0 = Debug|Any CPU
		{B5CDD2C9-13CF-4B28-84F9-61384267F8BD}.Ad-Hoc|iPhone.ActiveCfg = Debug|Any CPU
		{B5CDD2C9-13CF-4B28-84F9-61384267F8BD}.Ad-Hoc|iPhone.Build.0 = Debug|Any CPU
		{B5CDD2C9-13CF-4B28-84F9-61384267F8BD}.Ad-Hoc|iPhoneSimulator.ActiveCfg = Debug|Any CPU
		{B5CDD2C9-13CF-4B28-84F9-61384267F8BD}.Ad-Hoc|iPhoneSimulator.Build.0 = Debug|Any CPU
		{B5CDD2C9-13CF-4B28-84F9-61384267F8BD}.Ad-Hoc|x64.ActiveCfg = Debug|Any CPU
		{B5CDD2C9-13CF-4B28-84F9-61384267F8BD}.Ad-Hoc|x64.Build.0 = Debug|Any CPU
		{B5CDD2C9-13CF-4B28-84F9-61384267F8BD}.Ad-Hoc|x86.ActiveCfg = Debug|Any CPU
		{B5CDD2C9-13CF-4B28-84F9-61384267F8BD}.Ad-Hoc|x86.Build.0 = Debug|Any CPU
		{B5CDD2C9-13CF-4B28-84F9-61384267F8BD}.AppStore|Any CPU.ActiveCfg = Debug|Any CPU
		{B5CDD2C9-13CF-4B28-84F9-61384267F8BD}.AppStore|Any CPU.Build.0 = Debug|Any CPU
		{B5CDD2C9-13CF-4B28-84F9-61384267F8BD}.AppStore|ARM.ActiveCfg = Debug|Any CPU
		{B5CDD2C9-13CF-4B28-84F9-61384267F8BD}.AppStore|ARM.Build.0 = Debug|Any CPU
		{B5CDD2C9-13CF-4B28-84F9-61384267F8BD}.AppStore|ARM64.ActiveCfg = Debug|Any CPU
		{B5CDD2C9-13CF-4B28-84F9-61384267F8BD}.AppStore|ARM64.Build.0 = Debug|Any CPU
		{B5CDD2C9-13CF-4B28-84F9-61384267F8BD}.AppStore|iPhone.ActiveCfg = Debug|Any CPU
		{B5CDD2C9-13CF-4B28-84F9-61384267F8BD}.AppStore|iPhone.Build.0 = Debug|Any CPU
		{B5CDD2C9-13CF-4B28-84F9-61384267F8BD}.AppStore|iPhoneSimulator.ActiveCfg = Debug|Any CPU
		{B5CDD2C9-13CF-4B28-84F9-61384267F8BD}.AppStore|iPhoneSimulator.Build.0 = Debug|Any CPU
		{B5CDD2C9-13CF-4B28-84F9-61384267F8BD}.AppStore|x64.ActiveCfg = Debug|Any CPU
		{B5CDD2C9-13CF-4B28-84F9-61384267F8BD}.AppStore|x64.Build.0 = Debug|Any CPU
		{B5CDD2C9-13CF-4B28-84F9-61384267F8BD}.AppStore|x86.ActiveCfg = Debug|Any CPU
		{B5CDD2C9-13CF-4B28-84F9-61384267F8BD}.AppStore|x86.Build.0 = Debug|Any CPU
		{B5CDD2C9-13CF-4B28-84F9-61384267F8BD}.Debug|Any CPU.ActiveCfg = Debug|Any CPU
		{B5CDD2C9-13CF-4B28-84F9-61384267F8BD}.Debug|Any CPU.Build.0 = Debug|Any CPU
		{B5CDD2C9-13CF-4B28-84F9-61384267F8BD}.Debug|ARM.ActiveCfg = Debug|Any CPU
		{B5CDD2C9-13CF-4B28-84F9-61384267F8BD}.Debug|ARM.Build.0 = Debug|Any CPU
		{B5CDD2C9-13CF-4B28-84F9-61384267F8BD}.Debug|ARM64.ActiveCfg = Debug|Any CPU
		{B5CDD2C9-13CF-4B28-84F9-61384267F8BD}.Debug|ARM64.Build.0 = Debug|Any CPU
		{B5CDD2C9-13CF-4B28-84F9-61384267F8BD}.Debug|iPhone.ActiveCfg = Debug|Any CPU
		{B5CDD2C9-13CF-4B28-84F9-61384267F8BD}.Debug|iPhone.Build.0 = Debug|Any CPU
		{B5CDD2C9-13CF-4B28-84F9-61384267F8BD}.Debug|iPhoneSimulator.ActiveCfg = Debug|Any CPU
		{B5CDD2C9-13CF-4B28-84F9-61384267F8BD}.Debug|iPhoneSimulator.Build.0 = Debug|Any CPU
		{B5CDD2C9-13CF-4B28-84F9-61384267F8BD}.Debug|x64.ActiveCfg = Debug|Any CPU
		{B5CDD2C9-13CF-4B28-84F9-61384267F8BD}.Debug|x64.Build.0 = Debug|Any CPU
		{B5CDD2C9-13CF-4B28-84F9-61384267F8BD}.Debug|x86.ActiveCfg = Debug|Any CPU
		{B5CDD2C9-13CF-4B28-84F9-61384267F8BD}.Debug|x86.Build.0 = Debug|Any CPU
		{B5CDD2C9-13CF-4B28-84F9-61384267F8BD}.Release|Any CPU.ActiveCfg = Release|Any CPU
		{B5CDD2C9-13CF-4B28-84F9-61384267F8BD}.Release|Any CPU.Build.0 = Release|Any CPU
		{B5CDD2C9-13CF-4B28-84F9-61384267F8BD}.Release|ARM.ActiveCfg = Release|Any CPU
		{B5CDD2C9-13CF-4B28-84F9-61384267F8BD}.Release|ARM.Build.0 = Release|Any CPU
		{B5CDD2C9-13CF-4B28-84F9-61384267F8BD}.Release|ARM64.ActiveCfg = Release|Any CPU
		{B5CDD2C9-13CF-4B28-84F9-61384267F8BD}.Release|ARM64.Build.0 = Release|Any CPU
		{B5CDD2C9-13CF-4B28-84F9-61384267F8BD}.Release|iPhone.ActiveCfg = Release|Any CPU
		{B5CDD2C9-13CF-4B28-84F9-61384267F8BD}.Release|iPhone.Build.0 = Release|Any CPU
		{B5CDD2C9-13CF-4B28-84F9-61384267F8BD}.Release|iPhoneSimulator.ActiveCfg = Release|Any CPU
		{B5CDD2C9-13CF-4B28-84F9-61384267F8BD}.Release|iPhoneSimulator.Build.0 = Release|Any CPU
		{B5CDD2C9-13CF-4B28-84F9-61384267F8BD}.Release|x64.ActiveCfg = Release|Any CPU
		{B5CDD2C9-13CF-4B28-84F9-61384267F8BD}.Release|x64.Build.0 = Release|Any CPU
		{B5CDD2C9-13CF-4B28-84F9-61384267F8BD}.Release|x86.ActiveCfg = Release|Any CPU
		{B5CDD2C9-13CF-4B28-84F9-61384267F8BD}.Release|x86.Build.0 = Release|Any CPU
		{88FDD3C9-0A20-4BE4-9324-B4E4A1918F95}.Ad-Hoc|Any CPU.ActiveCfg = Debug|Any CPU
		{88FDD3C9-0A20-4BE4-9324-B4E4A1918F95}.Ad-Hoc|Any CPU.Build.0 = Debug|Any CPU
		{88FDD3C9-0A20-4BE4-9324-B4E4A1918F95}.Ad-Hoc|ARM.ActiveCfg = Debug|Any CPU
		{88FDD3C9-0A20-4BE4-9324-B4E4A1918F95}.Ad-Hoc|ARM.Build.0 = Debug|Any CPU
		{88FDD3C9-0A20-4BE4-9324-B4E4A1918F95}.Ad-Hoc|ARM64.ActiveCfg = Debug|Any CPU
		{88FDD3C9-0A20-4BE4-9324-B4E4A1918F95}.Ad-Hoc|ARM64.Build.0 = Debug|Any CPU
		{88FDD3C9-0A20-4BE4-9324-B4E4A1918F95}.Ad-Hoc|iPhone.ActiveCfg = Debug|Any CPU
		{88FDD3C9-0A20-4BE4-9324-B4E4A1918F95}.Ad-Hoc|iPhone.Build.0 = Debug|Any CPU
		{88FDD3C9-0A20-4BE4-9324-B4E4A1918F95}.Ad-Hoc|iPhoneSimulator.ActiveCfg = Debug|Any CPU
		{88FDD3C9-0A20-4BE4-9324-B4E4A1918F95}.Ad-Hoc|iPhoneSimulator.Build.0 = Debug|Any CPU
		{88FDD3C9-0A20-4BE4-9324-B4E4A1918F95}.Ad-Hoc|x64.ActiveCfg = Debug|Any CPU
		{88FDD3C9-0A20-4BE4-9324-B4E4A1918F95}.Ad-Hoc|x64.Build.0 = Debug|Any CPU
		{88FDD3C9-0A20-4BE4-9324-B4E4A1918F95}.Ad-Hoc|x86.ActiveCfg = Debug|Any CPU
		{88FDD3C9-0A20-4BE4-9324-B4E4A1918F95}.Ad-Hoc|x86.Build.0 = Debug|Any CPU
		{88FDD3C9-0A20-4BE4-9324-B4E4A1918F95}.AppStore|Any CPU.ActiveCfg = Debug|Any CPU
		{88FDD3C9-0A20-4BE4-9324-B4E4A1918F95}.AppStore|Any CPU.Build.0 = Debug|Any CPU
		{88FDD3C9-0A20-4BE4-9324-B4E4A1918F95}.AppStore|ARM.ActiveCfg = Debug|Any CPU
		{88FDD3C9-0A20-4BE4-9324-B4E4A1918F95}.AppStore|ARM.Build.0 = Debug|Any CPU
		{88FDD3C9-0A20-4BE4-9324-B4E4A1918F95}.AppStore|ARM64.ActiveCfg = Debug|Any CPU
		{88FDD3C9-0A20-4BE4-9324-B4E4A1918F95}.AppStore|ARM64.Build.0 = Debug|Any CPU
		{88FDD3C9-0A20-4BE4-9324-B4E4A1918F95}.AppStore|iPhone.ActiveCfg = Debug|Any CPU
		{88FDD3C9-0A20-4BE4-9324-B4E4A1918F95}.AppStore|iPhone.Build.0 = Debug|Any CPU
		{88FDD3C9-0A20-4BE4-9324-B4E4A1918F95}.AppStore|iPhoneSimulator.ActiveCfg = Debug|Any CPU
		{88FDD3C9-0A20-4BE4-9324-B4E4A1918F95}.AppStore|iPhoneSimulator.Build.0 = Debug|Any CPU
		{88FDD3C9-0A20-4BE4-9324-B4E4A1918F95}.AppStore|x64.ActiveCfg = Debug|Any CPU
		{88FDD3C9-0A20-4BE4-9324-B4E4A1918F95}.AppStore|x64.Build.0 = Debug|Any CPU
		{88FDD3C9-0A20-4BE4-9324-B4E4A1918F95}.AppStore|x86.ActiveCfg = Debug|Any CPU
		{88FDD3C9-0A20-4BE4-9324-B4E4A1918F95}.AppStore|x86.Build.0 = Debug|Any CPU
		{88FDD3C9-0A20-4BE4-9324-B4E4A1918F95}.Debug|Any CPU.ActiveCfg = Debug|Any CPU
		{88FDD3C9-0A20-4BE4-9324-B4E4A1918F95}.Debug|Any CPU.Build.0 = Debug|Any CPU
		{88FDD3C9-0A20-4BE4-9324-B4E4A1918F95}.Debug|ARM.ActiveCfg = Debug|Any CPU
		{88FDD3C9-0A20-4BE4-9324-B4E4A1918F95}.Debug|ARM.Build.0 = Debug|Any CPU
		{88FDD3C9-0A20-4BE4-9324-B4E4A1918F95}.Debug|ARM64.ActiveCfg = Debug|Any CPU
		{88FDD3C9-0A20-4BE4-9324-B4E4A1918F95}.Debug|ARM64.Build.0 = Debug|Any CPU
		{88FDD3C9-0A20-4BE4-9324-B4E4A1918F95}.Debug|iPhone.ActiveCfg = Debug|Any CPU
		{88FDD3C9-0A20-4BE4-9324-B4E4A1918F95}.Debug|iPhone.Build.0 = Debug|Any CPU
		{88FDD3C9-0A20-4BE4-9324-B4E4A1918F95}.Debug|iPhoneSimulator.ActiveCfg = Debug|Any CPU
		{88FDD3C9-0A20-4BE4-9324-B4E4A1918F95}.Debug|iPhoneSimulator.Build.0 = Debug|Any CPU
		{88FDD3C9-0A20-4BE4-9324-B4E4A1918F95}.Debug|x64.ActiveCfg = Debug|Any CPU
		{88FDD3C9-0A20-4BE4-9324-B4E4A1918F95}.Debug|x64.Build.0 = Debug|Any CPU
		{88FDD3C9-0A20-4BE4-9324-B4E4A1918F95}.Debug|x86.ActiveCfg = Debug|Any CPU
		{88FDD3C9-0A20-4BE4-9324-B4E4A1918F95}.Debug|x86.Build.0 = Debug|Any CPU
		{88FDD3C9-0A20-4BE4-9324-B4E4A1918F95}.Release|Any CPU.ActiveCfg = Release|Any CPU
		{88FDD3C9-0A20-4BE4-9324-B4E4A1918F95}.Release|Any CPU.Build.0 = Release|Any CPU
		{88FDD3C9-0A20-4BE4-9324-B4E4A1918F95}.Release|ARM.ActiveCfg = Release|Any CPU
		{88FDD3C9-0A20-4BE4-9324-B4E4A1918F95}.Release|ARM.Build.0 = Release|Any CPU
		{88FDD3C9-0A20-4BE4-9324-B4E4A1918F95}.Release|ARM64.ActiveCfg = Release|Any CPU
		{88FDD3C9-0A20-4BE4-9324-B4E4A1918F95}.Release|ARM64.Build.0 = Release|Any CPU
		{88FDD3C9-0A20-4BE4-9324-B4E4A1918F95}.Release|iPhone.ActiveCfg = Release|Any CPU
		{88FDD3C9-0A20-4BE4-9324-B4E4A1918F95}.Release|iPhone.Build.0 = Release|Any CPU
		{88FDD3C9-0A20-4BE4-9324-B4E4A1918F95}.Release|iPhoneSimulator.ActiveCfg = Release|Any CPU
		{88FDD3C9-0A20-4BE4-9324-B4E4A1918F95}.Release|iPhoneSimulator.Build.0 = Release|Any CPU
		{88FDD3C9-0A20-4BE4-9324-B4E4A1918F95}.Release|x64.ActiveCfg = Release|Any CPU
		{88FDD3C9-0A20-4BE4-9324-B4E4A1918F95}.Release|x64.Build.0 = Release|Any CPU
		{88FDD3C9-0A20-4BE4-9324-B4E4A1918F95}.Release|x86.ActiveCfg = Release|Any CPU
		{88FDD3C9-0A20-4BE4-9324-B4E4A1918F95}.Release|x86.Build.0 = Release|Any CPU
	EndGlobalSection
	GlobalSection(SolutionProperties) = preSolution
		HideSolutionNode = FALSE
	EndGlobalSection
	GlobalSection(NestedProjects) = preSolution
		{D819FB58-FA24-4F1E-B880-6D8A93C2F187} = {BCC4169C-6DAB-4E73-B03D-847E0DEB79D6}
		{32241C1B-76C6-4C39-9A62-1AB98D498F1A} = {BCC4169C-6DAB-4E73-B03D-847E0DEB79D6}
		{99E60A9A-930A-42DF-8696-3504E3A05A37} = {BCC4169C-6DAB-4E73-B03D-847E0DEB79D6}
		{16968E6C-1CD4-4F7C-B36F-434403FBD09F} = {BCC4169C-6DAB-4E73-B03D-847E0DEB79D6}
		{E7CA8077-1E47-4AE8-926F-D1FEA5E11067} = {BCC4169C-6DAB-4E73-B03D-847E0DEB79D6}
		{FCA02E8B-4EB9-4F55-8E08-73CAB40B6AF0} = {BCC4169C-6DAB-4E73-B03D-847E0DEB79D6}
		{7702ABA6-EDB8-4861-8860-88EC3F1CC97F} = {BCC4169C-6DAB-4E73-B03D-847E0DEB79D6}
		{B5CDD2C9-13CF-4B28-84F9-61384267F8BD} = {BCC4169C-6DAB-4E73-B03D-847E0DEB79D6}
		{88FDD3C9-0A20-4BE4-9324-B4E4A1918F95} = {BCC4169C-6DAB-4E73-B03D-847E0DEB79D6}
	EndGlobalSection
	GlobalSection(ExtensibilityGlobals) = postSolution
		SolutionGuid = {DB18A9ED-5578-4510-9152-641F4E1C08F7}
	EndGlobalSection
	GlobalSection(SharedMSBuildProjectFiles) = preSolution
		VCFSync.Shared\VCFSync.Shared.projitems*{16968e6c-1cd4-4f7c-b36f-434403fbd09f}*SharedItemsImports = 5
		VCFSync.Shared\VCFSync.Shared.projitems*{32241c1b-76c6-4c39-9a62-1ab98d498f1a}*SharedItemsImports = 4
		VCFSync.Shared\VCFSync.Shared.projitems*{6279c845-92f8-4333-ab99-3d213163593c}*SharedItemsImports = 13
		VCFSync.Shared\VCFSync.Shared.projitems*{7702aba6-edb8-4861-8860-88ec3f1cc97f}*SharedItemsImports = 5
		VCFSync.Shared\VCFSync.Shared.projitems*{88fdd3c9-0a20-4be4-9324-b4e4a1918f95}*SharedItemsImports = 5
		VCFSync.Shared\VCFSync.Shared.projitems*{99e60a9a-930a-42df-8696-3504e3a05a37}*SharedItemsImports = 4
		VCFSync.Shared\VCFSync.Shared.projitems*{b5cdd2c9-13cf-4b28-84f9-61384267f8bd}*SharedItemsImports = 5
		VCFSync.Shared\VCFSync.Shared.projitems*{d819fb58-fa24-4f1e-b880-6d8a93c2f187}*SharedItemsImports = 4
		VCFSync.Shared\VCFSync.Shared.projitems*{e7ca8077-1e47-4ae8-926f-d1fea5e11067}*SharedItemsImports = 4
	EndGlobalSection
EndGlobal
